// !$*UTF8*$!
{
	archiveVersion = 1;
	classes = {
	};
	objectVersion = 46;
	objects = {

/* Begin PBXBuildFile section */
		6B51A7521CE96F7500FB63EB /* main.m in Sources */ = {isa = PBXBuildFile; fileRef = 6B51A7511CE96F7500FB63EB /* main.m */; };
		6B51A7551CE96F7500FB63EB /* AppDelegate.m in Sources */ = {isa = PBXBuildFile; fileRef = 6B51A7541CE96F7500FB63EB /* AppDelegate.m */; };
		6B51A7581CE96F7500FB63EB /* ViewController.m in Sources */ = {isa = PBXBuildFile; fileRef = 6B51A7571CE96F7500FB63EB /* ViewController.m */; };
		6B51A75B1CE96F7500FB63EB /* Main.storyboard in Resources */ = {isa = PBXBuildFile; fileRef = 6B51A7591CE96F7500FB63EB /* Main.storyboard */; };
		6B51A75D1CE96F7500FB63EB /* Assets.xcassets in Resources */ = {isa = PBXBuildFile; fileRef = 6B51A75C1CE96F7500FB63EB /* Assets.xcassets */; };
		6B51A7601CE96F7500FB63EB /* LaunchScreen.storyboard in Resources */ = {isa = PBXBuildFile; fileRef = 6B51A75E1CE96F7500FB63EB /* LaunchScreen.storyboard */; };
		6B51A76B1CE96F7500FB63EB /* json__Tests.m in Sources */ = {isa = PBXBuildFile; fileRef = 6B51A76A1CE96F7500FB63EB /* json__Tests.m */; };
		6B51A7761CE96F7500FB63EB /* json__UITests.m in Sources */ = {isa = PBXBuildFile; fileRef = 6B51A7751CE96F7500FB63EB /* json__UITests.m */; };
		6B51A7871CE9C8AE00FB63EB /* LYVideo.m in Sources */ = {isa = PBXBuildFile; fileRef = 6B51A7861CE9C8AE00FB63EB /* LYVideo.m */; };
		BD30AB756EB1F510C03D2467 /* Pods_json__.framework in Frameworks */ = {isa = PBXBuildFile; fileRef = B7DBF26998571871D05E4741 /* Pods_json__.framework */; };
/* End PBXBuildFile section */

/* Begin PBXContainerItemProxy section */
		6B51A7671CE96F7500FB63EB /* PBXContainerItemProxy */ = {
			isa = PBXContainerItemProxy;
			containerPortal = 6B51A7451CE96F7500FB63EB /* Project object */;
			proxyType = 1;
			remoteGlobalIDString = 6B51A74C1CE96F7500FB63EB;
			remoteInfo = "json姐血";
		};
		6B51A7721CE96F7500FB63EB /* PBXContainerItemProxy */ = {
			isa = PBXContainerItemProxy;
			containerPortal = 6B51A7451CE96F7500FB63EB /* Project object */;
			proxyType = 1;
			remoteGlobalIDString = 6B51A74C1CE96F7500FB63EB;
			remoteInfo = "json姐血";
		};
/* End PBXContainerItemProxy section */

/* Begin PBXFileReference section */
		3DD85748503C9D103B41D1EA /* Pods-json姐血.debug.xcconfig */ = {isa = PBXFileReference; includeInIndex = 1; lastKnownFileType = text.xcconfig; name = "Pods-json姐血.debug.xcconfig"; path = "Pods/Target Support Files/Pods-json姐血/Pods-json姐血.debug.xcconfig"; sourceTree = "<group>"; };
		6B51A74D1CE96F7500FB63EB /* json姐血.app */ = {isa = PBXFileReference; explicitFileType = wrapper.application; includeInIndex = 0; path = "json姐血.app"; sourceTree = BUILT_PRODUCTS_DIR; };
		6B51A7511CE96F7500FB63EB /* main.m */ = {isa = PBXFileReference; lastKnownFileType = sourcecode.c.objc; path = main.m; sourceTree = "<group>"; };
		6B51A7531CE96F7500FB63EB /* AppDelegate.h */ = {isa = PBXFileReference; lastKnownFileType = sourcecode.c.h; path = AppDelegate.h; sourceTree = "<group>"; };
		6B51A7541CE96F7500FB63EB /* AppDelegate.m */ = {isa = PBXFileReference; lastKnownFileType = sourcecode.c.objc; path = AppDelegate.m; sourceTree = "<group>"; };
		6B51A7561CE96F7500FB63EB /* ViewController.h */ = {isa = PBXFileReference; lastKnownFileType = sourcecode.c.h; path = ViewController.h; sourceTree = "<group>"; };
		6B51A7571CE96F7500FB63EB /* ViewController.m */ = {isa = PBXFileReference; lastKnownFileType = sourcecode.c.objc; path = ViewController.m; sourceTree = "<group>"; };
		6B51A75A1CE96F7500FB63EB /* Base */ = {isa = PBXFileReference; lastKnownFileType = file.storyboard; name = Base; path = Base.lproj/Main.storyboard; sourceTree = "<group>"; };
		6B51A75C1CE96F7500FB63EB /* Assets.xcassets */ = {isa = PBXFileReference; lastKnownFileType = folder.assetcatalog; path = Assets.xcassets; sourceTree = "<group>"; };
		6B51A75F1CE96F7500FB63EB /* Base */ = {isa = PBXFileReference; lastKnownFileType = file.storyboard; name = Base; path = Base.lproj/LaunchScreen.storyboard; sourceTree = "<group>"; };
		6B51A7611CE96F7500FB63EB /* Info.plist */ = {isa = PBXFileReference; lastKnownFileType = text.plist.xml; path = Info.plist; sourceTree = "<group>"; };
		6B51A7661CE96F7500FB63EB /* json姐血Tests.xctest */ = {isa = PBXFileReference; explicitFileType = wrapper.cfbundle; includeInIndex = 0; path = "json姐血Tests.xctest"; sourceTree = BUILT_PRODUCTS_DIR; };
		6B51A76A1CE96F7500FB63EB /* json__Tests.m */ = {isa = PBXFileReference; lastKnownFileType = sourcecode.c.objc; path = json__Tests.m; sourceTree = "<group>"; };
		6B51A76C1CE96F7500FB63EB /* Info.plist */ = {isa = PBXFileReference; lastKnownFileType = text.plist.xml; path = Info.plist; sourceTree = "<group>"; };
		6B51A7711CE96F7500FB63EB /* json姐血UITests.xctest */ = {isa = PBXFileReference; explicitFileType = wrapper.cfbundle; includeInIndex = 0; path = "json姐血UITests.xctest"; sourceTree = BUILT_PRODUCTS_DIR; };
		6B51A7751CE96F7500FB63EB /* json__UITests.m */ = {isa = PBXFileReference; lastKnownFileType = sourcecode.c.objc; path = json__UITests.m; sourceTree = "<group>"; };
		6B51A7771CE96F7500FB63EB /* Info.plist */ = {isa = PBXFileReference; lastKnownFileType = text.plist.xml; path = Info.plist; sourceTree = "<group>"; };
		6B51A7851CE9C8AE00FB63EB /* LYVideo.h */ = {isa = PBXFileReference; fileEncoding = 4; lastKnownFileType = sourcecode.c.h; path = LYVideo.h; sourceTree = "<group>"; };
		6B51A7861CE9C8AE00FB63EB /* LYVideo.m */ = {isa = PBXFileReference; fileEncoding = 4; lastKnownFileType = sourcecode.c.objc; path = LYVideo.m; sourceTree = "<group>"; };
		B7DBF26998571871D05E4741 /* Pods_json__.framework */ = {isa = PBXFileReference; explicitFileType = wrapper.framework; includeInIndex = 0; path = Pods_json__.framework; sourceTree = BUILT_PRODUCTS_DIR; };
		FFB77B3E17195AD1D30AB50E /* Pods-json姐血.release.xcconfig */ = {isa = PBXFileReference; includeInIndex = 1; lastKnownFileType = text.xcconfig; name = "Pods-json姐血.release.xcconfig"; path = "Pods/Target Support Files/Pods-json姐血/Pods-json姐血.release.xcconfig"; sourceTree = "<group>"; };
/* End PBXFileReference section */

/* Begin PBXFrameworksBuildPhase section */
		6B51A74A1CE96F7500FB63EB /* Frameworks */ = {
			isa = PBXFrameworksBuildPhase;
			buildActionMask = 2147483647;
			files = (
				BD30AB756EB1F510C03D2467 /* Pods_json__.framework in Frameworks */,
			);
			runOnlyForDeploymentPostprocessing = 0;
		};
		6B51A7631CE96F7500FB63EB /* Frameworks */ = {
			isa = PBXFrameworksBuildPhase;
			buildActionMask = 2147483647;
			files = (
			);
			runOnlyForDeploymentPostprocessing = 0;
		};
		6B51A76E1CE96F7500FB63EB /* Frameworks */ = {
			isa = PBXFrameworksBuildPhase;
			buildActionMask = 2147483647;
			files = (
			);
			runOnlyForDeploymentPostprocessing = 0;
		};
/* End PBXFrameworksBuildPhase section */

/* Begin PBXGroup section */
		3764A2109BE3D89F76C61822 /* Pods */ = {
			isa = PBXGroup;
			children = (
				3DD85748503C9D103B41D1EA /* Pods-json姐血.debug.xcconfig */,
				FFB77B3E17195AD1D30AB50E /* Pods-json姐血.release.xcconfig */,
			);
			name = Pods;
			sourceTree = "<group>";
		};
		6B51A7441CE96F7500FB63EB = {
			isa = PBXGroup;
			children = (
				6B51A74F1CE96F7500FB63EB /* json姐血 */,
				6B51A7691CE96F7500FB63EB /* json姐血Tests */,
				6B51A7741CE96F7500FB63EB /* json姐血UITests */,
				6B51A74E1CE96F7500FB63EB /* Products */,
				3764A2109BE3D89F76C61822 /* Pods */,
				CA7FFCC72F5048409D10C352 /* Frameworks */,
			);
			sourceTree = "<group>";
		};
		6B51A74E1CE96F7500FB63EB /* Products */ = {
			isa = PBXGroup;
			children = (
				6B51A74D1CE96F7500FB63EB /* json姐血.app */,
				6B51A7661CE96F7500FB63EB /* json姐血Tests.xctest */,
				6B51A7711CE96F7500FB63EB /* json姐血UITests.xctest */,
			);
			name = Products;
			sourceTree = "<group>";
		};
		6B51A74F1CE96F7500FB63EB /* json姐血 */ = {
			isa = PBXGroup;
			children = (
				6B51A7531CE96F7500FB63EB /* AppDelegate.h */,
				6B51A7541CE96F7500FB63EB /* AppDelegate.m */,
				6B51A7561CE96F7500FB63EB /* ViewController.h */,
				6B51A7571CE96F7500FB63EB /* ViewController.m */,
				6B51A7851CE9C8AE00FB63EB /* LYVideo.h */,
				6B51A7861CE9C8AE00FB63EB /* LYVideo.m */,
				6B51A7591CE96F7500FB63EB /* Main.storyboard */,
				6B51A75C1CE96F7500FB63EB /* Assets.xcassets */,
				6B51A75E1CE96F7500FB63EB /* LaunchScreen.storyboard */,
				6B51A7611CE96F7500FB63EB /* Info.plist */,
				6B51A7501CE96F7500FB63EB /* Supporting Files */,
			);
			path = "json姐血";
			sourceTree = "<group>";
		};
		6B51A7501CE96F7500FB63EB /* Supporting Files */ = {
			isa = PBXGroup;
			children = (
				6B51A7511CE96F7500FB63EB /* main.m */,
			);
			name = "Supporting Files";
			sourceTree = "<group>";
		};
		6B51A7691CE96F7500FB63EB /* json姐血Tests */ = {
			isa = PBXGroup;
			children = (
				6B51A76A1CE96F7500FB63EB /* json__Tests.m */,
				6B51A76C1CE96F7500FB63EB /* Info.plist */,
			);
			path = "json姐血Tests";
			sourceTree = "<group>";
		};
		6B51A7741CE96F7500FB63EB /* json姐血UITests */ = {
			isa = PBXGroup;
			children = (
				6B51A7751CE96F7500FB63EB /* json__UITests.m */,
				6B51A7771CE96F7500FB63EB /* Info.plist */,
			);
			path = "json姐血UITests";
			sourceTree = "<group>";
		};
		CA7FFCC72F5048409D10C352 /* Frameworks */ = {
			isa = PBXGroup;
			children = (
				B7DBF26998571871D05E4741 /* Pods_json__.framework */,
			);
			name = Frameworks;
			sourceTree = "<group>";
		};
/* End PBXGroup section */

/* Begin PBXNativeTarget section */
		6B51A74C1CE96F7500FB63EB /* json姐血 */ = {
			isa = PBXNativeTarget;
			buildConfigurationList = 6B51A77A1CE96F7500FB63EB /* Build configuration list for PBXNativeTarget "json姐血" */;
			buildPhases = (
				D1AAF165AC6929C7D3D06A3C /* 📦 Check Pods Manifest.lock */,
				6B51A7491CE96F7500FB63EB /* Sources */,
				6B51A74A1CE96F7500FB63EB /* Frameworks */,
				6B51A74B1CE96F7500FB63EB /* Resources */,
				6BAE8BB915A15909CE2A351A /* 📦 Embed Pods Frameworks */,
				540DAC1633336B428F682BAA /* 📦 Copy Pods Resources */,
			);
			buildRules = (
			);
			dependencies = (
			);
			name = "json姐血";
			productName = "json姐血";
			productReference = 6B51A74D1CE96F7500FB63EB /* json姐血.app */;
			productType = "com.apple.product-type.application";
		};
		6B51A7651CE96F7500FB63EB /* json姐血Tests */ = {
			isa = PBXNativeTarget;
			buildConfigurationList = 6B51A77D1CE96F7500FB63EB /* Build configuration list for PBXNativeTarget "json姐血Tests" */;
			buildPhases = (
				6B51A7621CE96F7500FB63EB /* Sources */,
				6B51A7631CE96F7500FB63EB /* Frameworks */,
				6B51A7641CE96F7500FB63EB /* Resources */,
			);
			buildRules = (
			);
			dependencies = (
				6B51A7681CE96F7500FB63EB /* PBXTargetDependency */,
			);
			name = "json姐血Tests";
			productName = "json姐血Tests";
			productReference = 6B51A7661CE96F7500FB63EB /* json姐血Tests.xctest */;
			productType = "com.apple.product-type.bundle.unit-test";
		};
		6B51A7701CE96F7500FB63EB /* json姐血UITests */ = {
			isa = PBXNativeTarget;
			buildConfigurationList = 6B51A7801CE96F7500FB63EB /* Build configuration list for PBXNativeTarget "json姐血UITests" */;
			buildPhases = (
				6B51A76D1CE96F7500FB63EB /* Sources */,
				6B51A76E1CE96F7500FB63EB /* Frameworks */,
				6B51A76F1CE96F7500FB63EB /* Resources */,
			);
			buildRules = (
			);
			dependencies = (
				6B51A7731CE96F7500FB63EB /* PBXTargetDependency */,
			);
			name = "json姐血UITests";
			productName = "json姐血UITests";
			productReference = 6B51A7711CE96F7500FB63EB /* json姐血UITests.xctest */;
			productType = "com.apple.product-type.bundle.ui-testing";
		};
/* End PBXNativeTarget section */

/* Begin PBXProject section */
		6B51A7451CE96F7500FB63EB /* Project object */ = {
			isa = PBXProject;
			attributes = {
				LastUpgradeCheck = 0730;
				ORGANIZATIONNAME = dasheng;
				TargetAttributes = {
					6B51A74C1CE96F7500FB63EB = {
						CreatedOnToolsVersion = 7.3.1;
					};
					6B51A7651CE96F7500FB63EB = {
						CreatedOnToolsVersion = 7.3.1;
						TestTargetID = 6B51A74C1CE96F7500FB63EB;
					};
					6B51A7701CE96F7500FB63EB = {
						CreatedOnToolsVersion = 7.3.1;
						TestTargetID = 6B51A74C1CE96F7500FB63EB;
					};
				};
			};
			buildConfigurationList = 6B51A7481CE96F7500FB63EB /* Build configuration list for PBXProject "json姐血" */;
			compatibilityVersion = "Xcode 3.2";
			developmentRegion = English;
			hasScannedForEncodings = 0;
			knownRegions = (
				en,
				Base,
			);
			mainGroup = 6B51A7441CE96F7500FB63EB;
			productRefGroup = 6B51A74E1CE96F7500FB63EB /* Products */;
			projectDirPath = "";
			projectRoot = "";
			targets = (
				6B51A74C1CE96F7500FB63EB /* json姐血 */,
				6B51A7651CE96F7500FB63EB /* json姐血Tests */,
				6B51A7701CE96F7500FB63EB /* json姐血UITests */,
			);
		};
/* End PBXProject section */

/* Begin PBXResourcesBuildPhase section */
		6B51A74B1CE96F7500FB63EB /* Resources */ = {
			isa = PBXResourcesBuildPhase;
			buildActionMask = 2147483647;
			files = (
				6B51A7601CE96F7500FB63EB /* LaunchScreen.storyboard in Resources */,
				6B51A75D1CE96F7500FB63EB /* Assets.xcassets in Resources */,
				6B51A75B1CE96F7500FB63EB /* Main.storyboard in Resources */,
			);
			runOnlyForDeploymentPostprocessing = 0;
		};
		6B51A7641CE96F7500FB63EB /* Resources */ = {
			isa = PBXResourcesBuildPhase;
			buildActionMask = 2147483647;
			files = (
			);
			runOnlyForDeploymentPostprocessing = 0;
		};
		6B51A76F1CE96F7500FB63EB /* Resources */ = {
			isa = PBXResourcesBuildPhase;
			buildActionMask = 2147483647;
			files = (
			);
			runOnlyForDeploymentPostprocessing = 0;
		};
/* End PBXResourcesBuildPhase section */

/* Begin PBXShellScriptBuildPhase section */
		540DAC1633336B428F682BAA /* 📦 Copy Pods Resources */ = {
			isa = PBXShellScriptBuildPhase;
			buildActionMask = 2147483647;
			files = (
			);
			inputPaths = (
			);
			name = "📦 Copy Pods Resources";
			outputPaths = (
			);
			runOnlyForDeploymentPostprocessing = 0;
			shellPath = /bin/sh;
			shellScript = "\"${SRCROOT}/Pods/Target Support Files/Pods-json姐血/Pods-json姐血-resources.sh\"\n";
			showEnvVarsInLog = 0;
		};
		6BAE8BB915A15909CE2A351A /* 📦 Embed Pods Frameworks */ = {
			isa = PBXShellScriptBuildPhase;
			buildActionMask = 2147483647;
			files = (
			);
			inputPaths = (
			);
			name = "📦 Embed Pods Frameworks";
			outputPaths = (
			);
			runOnlyForDeploymentPostprocessing = 0;
			shellPath = /bin/sh;
			shellScript = "\"${SRCROOT}/Pods/Target Support Files/Pods-json姐血/Pods-json姐血-frameworks.sh\"\n";
			showEnvVarsInLog = 0;
		};
		D1AAF165AC6929C7D3D06A3C /* 📦 Check Pods Manifest.lock */ = {
			isa = PBXShellScriptBuildPhase;
			buildActionMask = 2147483647;
			files = (
			);
			inputPaths = (
			);
			name = "📦 Check Pods Manifest.lock";
			outputPaths = (
			);
			runOnlyForDeploymentPostprocessing = 0;
			shellPath = /bin/sh;
			shellScript = "diff \"${PODS_ROOT}/../Podfile.lock\" \"${PODS_ROOT}/Manifest.lock\" > /dev/null\nif [[ $? != 0 ]] ; then\n    cat << EOM\nerror: The sandbox is not in sync with the Podfile.lock. Run 'pod install' or update your CocoaPods installation.\nEOM\n    exit 1\nfi\n";
			showEnvVarsInLog = 0;
		};
/* End PBXShellScriptBuildPhase section */

/* Begin PBXSourcesBuildPhase section */
		6B51A7491CE96F7500FB63EB /* Sources */ = {
			isa = PBXSourcesBuildPhase;
			buildActionMask = 2147483647;
			files = (
				6B51A7871CE9C8AE00FB63EB /* LYVideo.m in Sources */,
				6B51A7581CE96F7500FB63EB /* ViewController.m in Sources */,
				6B51A7551CE96F7500FB63EB /* AppDelegate.m in Sources */,
				6B51A7521CE96F7500FB63EB /* main.m in Sources */,
			);
			runOnlyForDeploymentPostprocessing = 0;
		};
		6B51A7621CE96F7500FB63EB /* Sources */ = {
			isa = PBXSourcesBuildPhase;
			buildActionMask = 2147483647;
			files = (
				6B51A76B1CE96F7500FB63EB /* json__Tests.m in Sources */,
			);
			runOnlyForDeploymentPostprocessing = 0;
		};
		6B51A76D1CE96F7500FB63EB /* Sources */ = {
			isa = PBXSourcesBuildPhase;
			buildActionMask = 2147483647;
			files = (
				6B51A7761CE96F7500FB63EB /* json__UITests.m in Sources */,
			);
			runOnlyForDeploymentPostprocessing = 0;
		};
/* End PBXSourcesBuildPhase section */

/* Begin PBXTargetDependency section */
		6B51A7681CE96F7500FB63EB /* PBXTargetDependency */ = {
			isa = PBXTargetDependency;
			target = 6B51A74C1CE96F7500FB63EB /* json姐血 */;
			targetProxy = 6B51A7671CE96F7500FB63EB /* PBXContainerItemProxy */;
		};
		6B51A7731CE96F7500FB63EB /* PBXTargetDependency */ = {
			isa = PBXTargetDependency;
			target = 6B51A74C1CE96F7500FB63EB /* json姐血 */;
			targetProxy = 6B51A7721CE96F7500FB63EB /* PBXContainerItemProxy */;
		};
/* End PBXTargetDependency section */

/* Begin PBXVariantGroup section */
		6B51A7591CE96F7500FB63EB /* Main.storyboard */ = {
			isa = PBXVariantGroup;
			children = (
				6B51A75A1CE96F7500FB63EB /* Base */,
			);
			name = Main.storyboard;
			sourceTree = "<group>";
		};
		6B51A75E1CE96F7500FB63EB /* LaunchScreen.storyboard */ = {
			isa = PBXVariantGroup;
			children = (
				6B51A75F1CE96F7500FB63EB /* Base */,
			);
			name = LaunchScreen.storyboard;
			sourceTree = "<group>";
		};
/* End PBXVariantGroup section */

/* Begin XCBuildConfiguration section */
		6B51A7781CE96F7500FB63EB /* Debug */ = {
			isa = XCBuildConfiguration;
			buildSettings = {
				ALWAYS_SEARCH_USER_PATHS = NO;
				CLANG_ANALYZER_NONNULL = YES;
				CLANG_CXX_LANGUAGE_STANDARD = "gnu++0x";
				CLANG_CXX_LIBRARY = "libc++";
				CLANG_ENABLE_MODULES = YES;
				CLANG_ENABLE_OBJC_ARC = YES;
				CLANG_WARN_BOOL_CONVERSION = YES;
				CLANG_WARN_CONSTANT_CONVERSION = YES;
				CLANG_WARN_DIRECT_OBJC_ISA_USAGE = YES_ERROR;
				CLANG_WARN_EMPTY_BODY = YES;
				CLANG_WARN_ENUM_CONVERSION = YES;
				CLANG_WARN_INT_CONVERSION = YES;
				CLANG_WARN_OBJC_ROOT_CLASS = YES_ERROR;
				CLANG_WARN_UNREACHABLE_CODE = YES;
				CLANG_WARN__DUPLICATE_METHOD_MATCH = YES;
				"CODE_SIGN_IDENTITY[sdk=iphoneos*]" = "iPhone Developer";
				COPY_PHASE_STRIP = NO;
				DEBUG_INFORMATION_FORMAT = dwarf;
				ENABLE_STRICT_OBJC_MSGSEND = YES;
				ENABLE_TESTABILITY = YES;
				GCC_C_LANGUAGE_STANDARD = gnu99;
				GCC_DYNAMIC_NO_PIC = NO;
				GCC_NO_COMMON_BLOCKS = YES;
				GCC_OPTIMIZATION_LEVEL = 0;
				GCC_PREPROCESSOR_DEFINITIONS = (
					"DEBUG=1",
					"$(inherited)",
				);
				GCC_WARN_64_TO_32_BIT_CONVERSION = YES;
				GCC_WARN_ABOUT_RETURN_TYPE = YES_ERROR;
				GCC_WARN_UNDECLARED_SELECTOR = YES;
				GCC_WARN_UNINITIALIZED_AUTOS = YES_AGGRESSIVE;
				GCC_WARN_UNUSED_FUNCTION = YES;
				GCC_WARN_UNUSED_VARIABLE = YES;
				IPHONEOS_DEPLOYMENT_TARGET = 9.3;
				MTL_ENABLE_DEBUG_INFO = YES;
				ONLY_ACTIVE_ARCH = YES;
				SDKROOT = iphoneos;
			};
			name = Debug;
		};
		6B51A7791CE96F7500FB63EB /* Release */ = {
			isa = XCBuildConfiguration;
			buildSettings = {
				ALWAYS_SEARCH_USER_PATHS = NO;
				CLANG_ANALYZER_NONNULL = YES;
				CLANG_CXX_LANGUAGE_STANDARD = "gnu++0x";
				CLANG_CXX_LIBRARY = "libc++";
				CLANG_ENABLE_MODULES = YES;
				CLANG_ENABLE_OBJC_ARC = YES;
				CLANG_WARN_BOOL_CONVERSION = YES;
				CLANG_WARN_CONSTANT_CONVERSION = YES;
				CLANG_WARN_DIRECT_OBJC_ISA_USAGE = YES_ERROR;
				CLANG_WARN_EMPTY_BODY = YES;
				CLANG_WARN_ENUM_CONVERSION = YES;
				CLANG_WARN_INT_CONVERSION = YES;
				CLANG_WARN_OBJC_ROOT_CLASS = YES_ERROR;
				CLANG_WARN_UNREACHABLE_CODE = YES;
				CLANG_WARN__DUPLICATE_METHOD_MATCH = YES;
				"CODE_SIGN_IDENTITY[sdk=iphoneos*]" = "iPhone Developer";
				COPY_PHASE_STRIP = NO;
				DEBUG_INFORMATION_FORMAT = "dwarf-with-dsym";
				ENABLE_NS_ASSERTIONS = NO;
				ENABLE_STRICT_OBJC_MSGSEND = YES;
				GCC_C_LANGUAGE_STANDARD = gnu99;
				GCC_NO_COMMON_BLOCKS = YES;
				GCC_WARN_64_TO_32_BIT_CONVERSION = YES;
				GCC_WARN_ABOUT_RETURN_TYPE = YES_ERROR;
				GCC_WARN_UNDECLARED_SELECTOR = YES;
				GCC_WARN_UNINITIALIZED_AUTOS = YES_AGGRESSIVE;
				GCC_WARN_UNUSED_FUNCTION = YES;
				GCC_WARN_UNUSED_VARIABLE = YES;
				IPHONEOS_DEPLOYMENT_TARGET = 9.3;
				MTL_ENABLE_DEBUG_INFO = NO;
				SDKROOT = iphoneos;
				VALIDATE_PRODUCT = YES;
			};
			name = Release;
		};
		6B51A77B1CE96F7500FB63EB /* Debug */ = {
			isa = XCBuildConfiguration;
			baseConfigurationReference = 3DD85748503C9D103B41D1EA /* Pods-json姐血.debug.xcconfig */;
			buildSettings = {
				ASSETCATALOG_COMPILER_APPICON_NAME = AppIcon;
				INFOPLIST_FILE = "json姐血/Info.plist";
				LD_RUNPATH_SEARCH_PATHS = "$(inherited) @executable_path/Frameworks";
				PRODUCT_BUNDLE_IDENTIFIER = "cn.dasheng.json--";
				PRODUCT_NAME = "$(TARGET_NAME)";
			};
			name = Debug;
		};
		6B51A77C1CE96F7500FB63EB /* Release */ = {
			isa = XCBuildConfiguration;
			baseConfigurationReference = FFB77B3E17195AD1D30AB50E /* Pods-json姐血.release.xcconfig */;
			buildSettings = {
				ASSETCATALOG_COMPILER_APPICON_NAME = AppIcon;
				INFOPLIST_FILE = "json姐血/Info.plist";
				LD_RUNPATH_SEARCH_PATHS = "$(inherited) @executable_path/Frameworks";
				PRODUCT_BUNDLE_IDENTIFIER = "cn.dasheng.json--";
				PRODUCT_NAME = "$(TARGET_NAME)";
			};
			name = Release;
		};
		6B51A77E1CE96F7500FB63EB /* Debug */ = {
			isa = XCBuildConfiguration;
			buildSettings = {
				BUNDLE_LOADER = "$(TEST_HOST)";
				INFOPLIST_FILE = "json姐血Tests/Info.plist";
				LD_RUNPATH_SEARCH_PATHS = "$(inherited) @executable_path/Frameworks @loader_path/Frameworks";
				PRODUCT_BUNDLE_IDENTIFIER = "cn.dasheng.json--Tests";
				PRODUCT_NAME = "$(TARGET_NAME)";
				TEST_HOST = "$(BUILT_PRODUCTS_DIR)/json姐血.app/json姐血";
			};
			name = Debug;
		};
		6B51A77F1CE96F7500FB63EB /* Release */ = {
			isa = XCBuildConfiguration;
			buildSettings = {
				BUNDLE_LOADER = "$(TEST_HOST)";
				INFOPLIST_FILE = "json姐血Tests/Info.plist";
				LD_RUNPATH_SEARCH_PATHS = "$(inherited) @executable_path/Frameworks @loader_path/Frameworks";
				PRODUCT_BUNDLE_IDENTIFIER = "cn.dasheng.json--Tests";
				PRODUCT_NAME = "$(TARGET_NAME)";
				TEST_HOST = "$(BUILT_PRODUCTS_DIR)/json姐血.app/json姐血";
			};
			name = Release;
		};
		6B51A7811CE96F7500FB63EB /* Debug */ = {
			isa = XCBuildConfiguration;
			buildSettings = {
				INFOPLIST_FILE = "json姐血UITests/Info.plist";
				LD_RUNPATH_SEARCH_PATHS = "$(inherited) @executable_path/Frameworks @loader_path/Frameworks";
				PRODUCT_BUNDLE_IDENTIFIER = "cn.dasheng.json--UITests";
				PRODUCT_NAME = "$(TARGET_NAME)";
				TEST_TARGET_NAME = "json姐血";
			};
			name = Debug;
		};
		6B51A7821CE96F7500FB63EB /* Release */ = {
			isa = XCBuildConfiguration;
			buildSettings = {
				INFOPLIST_FILE = "json姐血UITests/Info.plist";
				LD_RUNPATH_SEARCH_PATHS = "$(inherited) @executable_path/Frameworks @loader_path/Frameworks";
				PRODUCT_BUNDLE_IDENTIFIER = "cn.dasheng.json--UITests";
				PRODUCT_NAME = "$(TARGET_NAME)";
				TEST_TARGET_NAME = "json姐血";
			};
			name = Release;
		};
/* End XCBuildConfiguration section */

/* Begin XCConfigurationList section */
		6B51A7481CE96F7500FB63EB /* Build configuration list for PBXProject "json姐血" */ = {
			isa = XCConfigurationList;
			buildConfigurations = (
				6B51A7781CE96F7500FB63EB /* Debug */,
				6B51A7791CE96F7500FB63EB /* Release */,
			);
			defaultConfigurationIsVisible = 0;
			defaultConfigurationName = Release;
		};
		6B51A77A1CE96F7500FB63EB /* Build configuration list for PBXNativeTarget "json姐血" */ = {
			isa = XCConfigurationList;
			buildConfigurations = (
				6B51A77B1CE96F7500FB63EB /* Debug */,
				6B51A77C1CE96F7500FB63EB /* Release */,
			);
			defaultConfigurationIsVisible = 0;
			defaultConfigurationName = Release;
		};
		6B51A77D1CE96F7500FB63EB /* Build configuration list for PBXNativeTarget "json姐血Tests" */ = {
			isa = XCConfigurationList;
			buildConfigurations = (
				6B51A77E1CE96F7500FB63EB /* Debug */,
				6B51A77F1CE96F7500FB63EB /* Release */,
			);
			defaultConfigurationIsVisible = 0;
			defaultConfigurationName = Release;
		};
		6B51A7801CE96F7500FB63EB /* Build configuration list for PBXNativeTarget "json姐血UITests" */ = {
			isa = XCConfigurationList;
			buildConfigurations = (
				6B51A7811CE96F7500FB63EB /* Debug */,
				6B51A7821CE96F7500FB63EB /* Release */,
			);
			defaultConfigurationIsVisible = 0;
			defaultConfigurationName = Release;
		};
/* End XCConfigurationList section */
	};
	rootObject = 6B51A7451CE96F7500FB63EB /* Project object */;
}
